API Cache Invalidation Serverless API Gateway Great things never come from comfort zones. Optimization Happiness is not something ready made. It comes from your own actions. Content Delivery Network Security
Microservices Load Testing Database Sharding DevOps OAuth
Distributed Systems Cloud Functions Automation Message Queue UX Optimization OAuth Version Control
