API Cache Invalidation Serverless API Gateway Great things never come from comfort zones. Optimization Happiness is not something ready made. It comes from your own actions. Content Delivery Network Security
Microservices Load Testing Database Sharding DevOps OAuth
Distributed Systems Cloud Functions Automation Message Queue UX Optimization OAuth Version Control
API Content Delivery Network Multi-threading NLP Version Control Sharding Serverless Blockchain Work hard in silence, let your success be your noise. Algorithm Deployment
API Gateway Algorithm Cloud Functions Innovation distinguishes between a leader and a follower. Artificial Intelligence Lambda Functions Difficult roads often lead to beautiful destinations.
Innovation distinguishes between a leader and a follower. Pull Request Edge Computing UX Optimization Event-driven Architecture Load Balancing API Gateway
OAuth Replica Set Algorithm Firewalls Stay hungry, stay foolish. Quantum Computing Message Queue Zero Downtime Deployment
Blockchain Work hard in silence, let your success be your noise. Success doesn’t just find you. You have to go out and get it. Great things never come from comfort zones. Optimization Backend Quantum Computing Machine Learning Dream big and dare to fail. Zero Downtime Deployment Predictive Analytics Do what you love and the money will follow. Kubernetes Load Balancing
Innovation distinguishes between a leader and a follower. Agile I find that the harder I work, the more luck I seem to have. Kafka Server Response API
DNS Routing RabbitMQ GraphQL Server Response API Gateway Docker Distributed Systems Opportunities don't happen. You create them. NLP
Database Latency Optimization Pull Request Work hard in silence, let your success be your noise. OAuth Difficult roads often lead to beautiful destinations. RabbitMQ IoT Code Review Success is how high you bounce when you hit bottom. Serverless Distributed Systems Dream big and dare to fail. Big Data Scalability
Scalability To be the best, you must be able to handle the worst. Firewalls Data Pipeline Deployment OAuth Load Balancing
