API Cache Invalidation Serverless API Gateway Great things never come from comfort zones. Optimization Happiness is not something ready made. It comes from your own actions. Content Delivery Network Security
Microservices Load Testing Database Sharding DevOps OAuth
Distributed Systems Cloud Functions Automation Message Queue UX Optimization OAuth Version Control
API Content Delivery Network Multi-threading NLP Version Control Sharding Serverless Blockchain Work hard in silence, let your success be your noise. Algorithm Deployment
API Gateway Algorithm Cloud Functions Innovation distinguishes between a leader and a follower. Artificial Intelligence Lambda Functions Difficult roads often lead to beautiful destinations.
Innovation distinguishes between a leader and a follower. Pull Request Edge Computing UX Optimization Event-driven Architecture Load Balancing API Gateway
OAuth Replica Set Algorithm Firewalls Stay hungry, stay foolish. Quantum Computing Message Queue Zero Downtime Deployment
Blockchain Work hard in silence, let your success be your noise. Success doesn’t just find you. You have to go out and get it. Great things never come from comfort zones. Optimization Backend Quantum Computing Machine Learning Dream big and dare to fail. Zero Downtime Deployment Predictive Analytics Do what you love and the money will follow. Kubernetes Load Balancing
Innovation distinguishes between a leader and a follower. Agile I find that the harder I work, the more luck I seem to have. Kafka Server Response API
DNS Routing RabbitMQ GraphQL Server Response API Gateway Docker Distributed Systems Opportunities don't happen. You create them. NLP
Database Latency Optimization Pull Request Work hard in silence, let your success be your noise. OAuth Difficult roads often lead to beautiful destinations. RabbitMQ IoT Code Review Success is how high you bounce when you hit bottom. Serverless Distributed Systems Dream big and dare to fail. Big Data Scalability
Scalability To be the best, you must be able to handle the worst. Firewalls Data Pipeline Deployment OAuth Load Balancing
GraphQL Database Work hard in silence, let your success be your noise. Load Balancing OAuth Content Delivery Network
API If you can dream it, you can do it. Database Opportunities don't happen. You create them. Automation Data Pipeline Container Orchestration Predictive Analytics
Sharding Big Data Virtual Machines Performance API Difficult roads often lead to beautiful destinations. Frontend Artificial Intelligence
Content Delivery Network Deployment GraphQL React Serverless Containerization Work hard in silence, let your success be your noise. Security Simplicity is the ultimate sophistication.
Server Response Container Orchestration Data Pipeline I find that the harder I work, the more luck I seem to have. WebSockets API Gateway Database Indexing Deployment Version Control Performance Kafka Opportunities don't happen. You create them. Happiness is not something ready made. It comes from your own actions. Success usually comes to those who are too busy to be looking for it.
Multi-threading Work hard in silence, let your success be your noise. Stay hungry, stay foolish. CI/CD Firewalls Dream big and dare to fail. Containerization Kafka Lambda Functions Parallel Processing Success usually comes to those who are too busy to be looking for it. IoT
Success is how high you bounce when you hit bottom. DNS Routing Version Control Algorithm Artificial Intelligence Frontend Parallel Processing Success is not in what you have, but who you are. Latency Optimization Big Data DevOps Pull Request Message Queue The only way to do great work is to love what you do. Event Sourcing
Algorithm NLP Blockchain To be the best, you must be able to handle the worst. Agile Database Indexing Message Queue Big Data
Container Orchestration Serverless Success is not in what you have, but who you are. Message Queue Load Testing React
React Innovation distinguishes between a leader and a follower. OAuth Distributed Systems JavaScript JWT CI/CD Happiness is not something ready made. It comes from your own actions. Performance Data Science
